<?xml version="1.0" encoding="UTF-8" standalone="yes" ?>
<CodeBlocks_project_file>
	<FileVersion major="1" minor="6" />
	<Project>
		<Option title="tinyRender" />
		<Option pch_mode="2" />
		<Option compiler="gcc" />
		<Build>
			<Target title="Debug">
				<Option output="bin/tinyRender" prefix_auto="1" extension_auto="1" />
				<Option object_output="obj/Debug/" />
				<Option type="1" />
				<Option compiler="gcc" />
				<Compiler>
					<Add option="-m32" />
					<Add option="-g" />
				</Compiler>
				<Linker>
					<Add option="-m32" />
				</Linker>
			</Target>
			<Target title="Release">
				<Option output="bin/tinyRender" prefix_auto="1" extension_auto="1" />
				<Option object_output="obj/Release/" />
				<Option type="1" />
				<Option compiler="gcc" />
				<Compiler>
					<Add option="-fexpensive-optimizations" />
					<Add option="-O3" />
					<Add option="-m32" />
					<Add option="-Ofast -flto" />
				</Compiler>
				<Linker>
					<Add option="-s" />
					<Add option="-m32" />
				</Linker>
			</Target>
		</Build>
		<Compiler>
			<Add option="-Wall" />
			<Add option="-std=c11 -pipe" />
			<Add directory="include" />
			<Add directory="src" />
		</Compiler>
		<Linker>
			<Add option="-lmingw32 -lm -lSDL2main -lSDL2" />
			<Add directory="lib" />
		</Linker>
		<Unit filename="include/color.h" />
		<Unit filename="include/defines.h" />
		<Unit filename="include/draw.h" />
		<Unit filename="include/fps.h" />
		<Unit filename="include/matrix.h" />
		<Unit filename="include/render.h" />
		<Unit filename="include/render_private.h" />
		<Unit filename="include/texture.h" />
		<Unit filename="include/threadpool/threadpool.c">
			<Option compilerVar="CC" />
		</Unit>
		<Unit filename="include/threadpool/threadpool.h" />
		<Unit filename="include/tinycthread/tinycthread.c">
			<Option compilerVar="CC" />
		</Unit>
		<Unit filename="include/tinycthread/tinycthread.h" />
		<Unit filename="include/types.h" />
		<Unit filename="include/utils.h" />
		<Unit filename="include/vector.h" />
		<Unit filename="src/color.c">
			<Option compilerVar="CC" />
		</Unit>
		<Unit filename="src/draw.c">
			<Option compilerVar="CC" />
		</Unit>
		<Unit filename="src/fps.c">
			<Option compilerVar="CC" />
		</Unit>
		<Unit filename="src/main.c">
			<Option compilerVar="CC" />
		</Unit>
		<Unit filename="src/matrix.c">
			<Option compilerVar="CC" />
		</Unit>
		<Unit filename="src/render.c">
			<Option compilerVar="CC" />
		</Unit>
		<Unit filename="src/texture.c">
			<Option compilerVar="CC" />
		</Unit>
		<Unit filename="src/utils.c">
			<Option compilerVar="CC" />
		</Unit>
		<Unit filename="src/vector.c">
			<Option compilerVar="CC" />
		</Unit>
		<Extensions>
			<code_completion />
			<envvars />
			<debugger />
			<lib_finder disable_auto="1" />
		</Extensions>
	</Project>
</CodeBlocks_project_file>
